
Microsoft Visual Studio Solution File, Format Version 12.00
# Visual Studio Express 2013 for Web
VisualStudioVersion = 12.0.21005.1
MinimumVisualStudioVersion = 10.0.40219.1
Project("{FAE04EC0-301F-11D3-BF4B-00C04F79EFBC}") = "GM_MVC_API", "GM_MVC_API\GM_MVC_API.csproj", "{55A91554-574E-48F0-97C5-24383DFF19B1}"
EndProject
Project("{FAE04EC0-301F-11D3-BF4B-00C04F79EFBC}") = "GM_MVC_API.Tests", "GM_MVC_API.Tests\GM_MVC_API.Tests.csproj", "{76EA0612-8672-4862-A3A5-A43F3C5E4A8E}"
EndProject
Global
	GlobalSection(SolutionConfigurationPlatforms) = preSolution
		Debug|Any CPU = Debug|Any CPU
		Release|Any CPU = Release|Any CPU
	EndGlobalSection
	GlobalSection(ProjectConfigurationPlatforms) = postSolution
		{55A91554-574E-48F0-97C5-24383DFF19B1}.Debug|Any CPU.ActiveCfg = Debug|Any CPU
		{55A91554-574E-48F0-97C5-24383DFF19B1}.Debug|Any CPU.Build.0 = Debug|Any CPU
		{55A91554-574E-48F0-97C5-24383DFF19B1}.Release|Any CPU.ActiveCfg = Release|Any CPU
		{55A91554-574E-48F0-97C5-24383DFF19B1}.Release|Any CPU.Build.0 = Release|Any CPU
		{76EA0612-8672-4862-A3A5-A43F3C5E4A8E}.Debug|Any CPU.ActiveCfg = Debug|Any CPU
		{76EA0612-8672-4862-A3A5-A43F3C5E4A8E}.Debug|Any CPU.Build.0 = Debug|Any CPU
		{76EA0612-8672-4862-A3A5-A43F3C5E4A8E}.Release|Any CPU.ActiveCfg = Release|Any CPU
		{76EA0612-8672-4862-A3A5-A43F3C5E4A8E}.Release|Any CPU.Build.0 = Release|Any CPU
	EndGlobalSection
	GlobalSection(SolutionProperties) = preSolution
		HideSolutionNode = FALSE
	EndGlobalSection
EndGlobal
